
Microsoft Visual Studio Solution File, Format Version 12.00
# Visual Studio Version 16
VisualStudioVersion = 16.0.31702.278
MinimumVisualStudioVersion = 10.0.40219.1
Project("{FAE04EC0-301F-11D3-BF4B-00C04F79EFBC}") = "LylyraHelper", "Code/LylyraHelper.csproj", "{7BCBCC53-E6B1-48A4-A830-936FE74741FC}"
EndProject
Global
	GlobalSection(SolutionConfigurationPlatforms) = preSolution
		Debug|Any CPU = Debug|Any CPU
		Release|Any CPU = Release|Any CPU
	EndGlobalSection
	GlobalSection(ProjectConfigurationPlatforms) = postSolution
		{7BCBCC53-E6B1-48A4-A830-936FE74741FC}.Debug|Any CPU.ActiveCfg = Debug|Any CPU
		{7BCBCC53-E6B1-48A4-A830-936FE74741FC}.Debug|Any CPU.Build.0 = Debug|Any CPU
		{7BCBCC53-E6B1-48A4-A830-936FE74741FC}.Release|Any CPU.ActiveCfg = Release|Any CPU
		{7BCBCC53-E6B1-48A4-A830-936FE74741FC}.Release|Any CPU.Build.0 = Release|Any CPU
	EndGlobalSection
	GlobalSection(SolutionProperties) = preSolution
		HideSolutionNode = FALSE
	EndGlobalSection
	GlobalSection(ExtensibilityGlobals) = postSolution
		SolutionGuid = {C6916948-1F13-4403-A8B4-3B42D0F2B443}
	EndGlobalSection
EndGlobal
